
Microsoft Visual Studio Solution File, Format Version 12.00
# Visual Studio Version 16
VisualStudioVersion = 16.0.32126.315
MinimumVisualStudioVersion = 10.0.40219.1
Project("{FAE04EC0-301F-11D3-BF4B-00C04F79EFBC}") = "ConsoleApp_to_webApp", "ConsoleApp_to_webApp\ConsoleApp_to_webApp.csproj", "{BCA9D2A6-7ED4-4B75-929C-8BB442D3A995}"
EndProject
Global
	GlobalSection(SolutionConfigurationPlatforms) = preSolution
		Debug|Any CPU = Debug|Any CPU
		Release|Any CPU = Release|Any CPU
	EndGlobalSection
	GlobalSection(ProjectConfigurationPlatforms) = postSolution
		{BCA9D2A6-7ED4-4B75-929C-8BB442D3A995}.Debug|Any CPU.ActiveCfg = Debug|Any CPU
		{BCA9D2A6-7ED4-4B75-929C-8BB442D3A995}.Debug|Any CPU.Build.0 = Debug|Any CPU
		{BCA9D2A6-7ED4-4B75-929C-8BB442D3A995}.Release|Any CPU.ActiveCfg = Release|Any CPU
		{BCA9D2A6-7ED4-4B75-929C-8BB442D3A995}.Release|Any CPU.Build.0 = Release|Any CPU
	EndGlobalSection
	GlobalSection(SolutionProperties) = preSolution
		HideSolutionNode = FALSE
	EndGlobalSection
	GlobalSection(ExtensibilityGlobals) = postSolution
		SolutionGuid = {2D256F51-B190-4D30-9D9D-3C47546C99AC}
	EndGlobalSection
EndGlobal
